// !$*UTF8*$!
{
	archiveVersion = 1;
	classes = {
	};
	objectVersion = 52;
	objects = {

/* Begin PBXBuildFile section */
		A3634BF0243CA4A600D7954C /* AppDelegate.swift in Sources */ = {isa = PBXBuildFile; fileRef = A3634BEF243CA4A600D7954C /* AppDelegate.swift */; };
		A3634BF2243CA4A600D7954C /* SceneDelegate.swift in Sources */ = {isa = PBXBuildFile; fileRef = A3634BF1243CA4A600D7954C /* SceneDelegate.swift */; };
		A3634BF4243CA4A600D7954C /* ContentView.swift in Sources */ = {isa = PBXBuildFile; fileRef = A3634BF3243CA4A600D7954C /* ContentView.swift */; };
		A3634BF6243CA4AB00D7954C /* Assets.xcassets in Resources */ = {isa = PBXBuildFile; fileRef = A3634BF5243CA4AB00D7954C /* Assets.xcassets */; };
		A3634BF9243CA4AB00D7954C /* Preview Assets.xcassets in Resources */ = {isa = PBXBuildFile; fileRef = A3634BF8243CA4AB00D7954C /* Preview Assets.xcassets */; };
		A3634BFC243CA4AB00D7954C /* LaunchScreen.storyboard in Resources */ = {isa = PBXBuildFile; fileRef = A3634BFA243CA4AB00D7954C /* LaunchScreen.storyboard */; };
		A372775024404741007EC7A6 /* ChatMessageRow.swift in Sources */ = {isa = PBXBuildFile; fileRef = A372774F24404741007EC7A6 /* ChatMessageRow.swift */; };
		A3727753244052FC007EC7A6 /* VideoMessageCell.swift in Sources */ = {isa = PBXBuildFile; fileRef = A3727752244052FC007EC7A6 /* VideoMessageCell.swift */; };
		A372775524405308007EC7A6 /* LocationMessageCell.swift in Sources */ = {isa = PBXBuildFile; fileRef = A372775424405308007EC7A6 /* LocationMessageCell.swift */; };
		A372775724405316007EC7A6 /* VoiceMessageCell.swift in Sources */ = {isa = PBXBuildFile; fileRef = A372775624405316007EC7A6 /* VoiceMessageCell.swift */; };
		A372775A24405420007EC7A6 /* ChatInputView.swift in Sources */ = {isa = PBXBuildFile; fileRef = A372775924405420007EC7A6 /* ChatInputView.swift */; };
		A372775C24405BE6007EC7A6 /* Constants.swift in Sources */ = {isa = PBXBuildFile; fileRef = A372775B24405BE6007EC7A6 /* Constants.swift */; };
		A372775E24405DB1007EC7A6 /* EmoticonMessageCell.swift in Sources */ = {isa = PBXBuildFile; fileRef = A372775D24405DB1007EC7A6 /* EmoticonMessageCell.swift */; };
		A372776124406237007EC7A6 /* AvatarView.swift in Sources */ = {isa = PBXBuildFile; fileRef = A372776024406237007EC7A6 /* AvatarView.swift */; };
		A37277632440641A007EC7A6 /* KeyboardObserver.swift in Sources */ = {isa = PBXBuildFile; fileRef = A37277622440641A007EC7A6 /* KeyboardObserver.swift */; };
		A3A754F224455F01003716FF /* VisualEffectView.swift in Sources */ = {isa = PBXBuildFile; fileRef = A3A754F124455F01003716FF /* VisualEffectView.swift */; };
		A3A754F5244561B2003716FF /* EdgeInsets+Extensions.swift in Sources */ = {isa = PBXBuildFile; fileRef = A3A754F4244561B2003716FF /* EdgeInsets+Extensions.swift */; };
		A3A754F724458AD7003716FF /* GeneralView.swift in Sources */ = {isa = PBXBuildFile; fileRef = A3A754F624458AD7003716FF /* GeneralView.swift */; };
		A3A8B02924401E3200FE0410 /* RichText.swift in Sources */ = {isa = PBXBuildFile; fileRef = A3A8B02824401E3200FE0410 /* RichText.swift */; };
		A3A8B02B2440378900FE0410 /* RootState.swift in Sources */ = {isa = PBXBuildFile; fileRef = A3A8B02A2440378900FE0410 /* RootState.swift */; };
		A3ADD683243DD10B004B0CB8 /* Session.swift in Sources */ = {isa = PBXBuildFile; fileRef = A3ADD682243DD10B004B0CB8 /* Session.swift */; };
		A3ADD685243DD18F004B0CB8 /* SessionRow.swift in Sources */ = {isa = PBXBuildFile; fileRef = A3ADD684243DD18F004B0CB8 /* SessionRow.swift */; };
		A3ADD687243DD2B6004B0CB8 /* SessionListView.swift in Sources */ = {isa = PBXBuildFile; fileRef = A3ADD686243DD2B6004B0CB8 /* SessionListView.swift */; };
		A3ADD68C243DD336004B0CB8 /* Contact.swift in Sources */ = {isa = PBXBuildFile; fileRef = A3ADD68B243DD336004B0CB8 /* Contact.swift */; };
		A3ADD68E243DD33F004B0CB8 /* ContactRow.swift in Sources */ = {isa = PBXBuildFile; fileRef = A3ADD68D243DD33F004B0CB8 /* ContactRow.swift */; };
		A3ADD690243DD34E004B0CB8 /* ContactListView.swift in Sources */ = {isa = PBXBuildFile; fileRef = A3ADD68F243DD34E004B0CB8 /* ContactListView.swift */; };
		A3ADD693243DD3BF004B0CB8 /* SampleData.swift in Sources */ = {isa = PBXBuildFile; fileRef = A3ADD692243DD3BF004B0CB8 /* SampleData.swift */; };
		A3ADD695243DD72A004B0CB8 /* Message.swift in Sources */ = {isa = PBXBuildFile; fileRef = A3ADD694243DD72A004B0CB8 /* Message.swift */; };
		A3ADD698243DD766004B0CB8 /* Discover.swift in Sources */ = {isa = PBXBuildFile; fileRef = A3ADD697243DD766004B0CB8 /* Discover.swift */; };
		A3ADD69A243DD778004B0CB8 /* DiscoverRow.swift in Sources */ = {isa = PBXBuildFile; fileRef = A3ADD699243DD778004B0CB8 /* DiscoverRow.swift */; };
		A3ADD69C243DD781004B0CB8 /* DiscoverListView.swift in Sources */ = {isa = PBXBuildFile; fileRef = A3ADD69B243DD781004B0CB8 /* DiscoverListView.swift */; };
		A3ADD6A0243DDC23004B0CB8 /* WXColor.swift in Sources */ = {isa = PBXBuildFile; fileRef = A3ADD69F243DDC23004B0CB8 /* WXColor.swift */; };
		A3ADD6A3243DDD38004B0CB8 /* MeListView.swift in Sources */ = {isa = PBXBuildFile; fileRef = A3ADD6A2243DDD38004B0CB8 /* MeListView.swift */; };
		A3ADD6A6243DE099004B0CB8 /* BadgeView.swift in Sources */ = {isa = PBXBuildFile; fileRef = A3ADD6A5243DE099004B0CB8 /* BadgeView.swift */; };
		A3ADD6A8243DE1C2004B0CB8 /* ChatRoomView.swift in Sources */ = {isa = PBXBuildFile; fileRef = A3ADD6A7243DE1C2004B0CB8 /* ChatRoomView.swift */; };
		A3ADD6AA243DF9DD004B0CB8 /* SectionSeparator.swift in Sources */ = {isa = PBXBuildFile; fileRef = A3ADD6A9243DF9DD004B0CB8 /* SectionSeparator.swift */; };
		A3ADD6AC243DFA9E004B0CB8 /* Line.swift in Sources */ = {isa = PBXBuildFile; fileRef = A3ADD6AB243DFA9E004B0CB8 /* Line.swift */; };
		A3B356A22444407400373657 /* ChatRoomInfoView.swift in Sources */ = {isa = PBXBuildFile; fileRef = A3B356A12444407400373657 /* ChatRoomInfoView.swift */; };
		A3B356A42444460600373657 /* PageControl.swift in Sources */ = {isa = PBXBuildFile; fileRef = A3B356A32444460600373657 /* PageControl.swift */; };
		A3B356A62444483D00373657 /* ChatRoomToolBoard.swift in Sources */ = {isa = PBXBuildFile; fileRef = A3B356A52444483D00373657 /* ChatRoomToolBoard.swift */; };
		A3B356A82444484B00373657 /* ChatRoomToolCell.swift in Sources */ = {isa = PBXBuildFile; fileRef = A3B356A72444484B00373657 /* ChatRoomToolCell.swift */; };
		A3B356AA244448C800373657 /* ChatRoomTool.swift in Sources */ = {isa = PBXBuildFile; fileRef = A3B356A9244448C800373657 /* ChatRoomTool.swift */; };
		A3B356AC24444DC500373657 /* PageCollectionView.swift in Sources */ = {isa = PBXBuildFile; fileRef = A3B356AB24444DC500373657 /* PageCollectionView.swift */; };
		A3C0D3162441D6D7005F9B6C /* EmoticonBoard.swift in Sources */ = {isa = PBXBuildFile; fileRef = A3C0D3152441D6D7005F9B6C /* EmoticonBoard.swift */; };
		A3C0D3192441D7BF005F9B6C /* expressions.json in Resources */ = {isa = PBXBuildFile; fileRef = A3C0D3182441D7BF005F9B6C /* expressions.json */; };
		A3C0D31B2441D803005F9B6C /* Expression.swift in Sources */ = {isa = PBXBuildFile; fileRef = A3C0D31A2441D803005F9B6C /* Expression.swift */; };
		A3C0D31D2441D949005F9B6C /* EmoticonRow.swift in Sources */ = {isa = PBXBuildFile; fileRef = A3C0D31C2441D949005F9B6C /* EmoticonRow.swift */; };
		A3C0D31F2441DB38005F9B6C /* EmoticonCell.swift in Sources */ = {isa = PBXBuildFile; fileRef = A3C0D31E2441DB38005F9B6C /* EmoticonCell.swift */; };
		A3C0D32424431BF2005F9B6C /* MomentRow.swift in Sources */ = {isa = PBXBuildFile; fileRef = A3C0D32324431BF2005F9B6C /* MomentRow.swift */; };
		A3C0D32724431C03005F9B6C /* MomentTextCell.swift in Sources */ = {isa = PBXBuildFile; fileRef = A3C0D32624431C03005F9B6C /* MomentTextCell.swift */; };
		A3C0D32924431C0E005F9B6C /* MomentImageCell.swift in Sources */ = {isa = PBXBuildFile; fileRef = A3C0D32824431C0E005F9B6C /* MomentImageCell.swift */; };
		A3C0D32B24431C1B005F9B6C /* MomentMultiImageCell.swift in Sources */ = {isa = PBXBuildFile; fileRef = A3C0D32A24431C1B005F9B6C /* MomentMultiImageCell.swift */; };
		A3C0D32D24431C27005F9B6C /* MomentVideoCell.swift in Sources */ = {isa = PBXBuildFile; fileRef = A3C0D32C24431C27005F9B6C /* MomentVideoCell.swift */; };
		A3C0D32F24431CA2005F9B6C /* MomentHeader.swift in Sources */ = {isa = PBXBuildFile; fileRef = A3C0D32E24431CA2005F9B6C /* MomentHeader.swift */; };
		A3C0D33124431CC0005F9B6C /* MomentNotificationRow.swift in Sources */ = {isa = PBXBuildFile; fileRef = A3C0D33024431CC0005F9B6C /* MomentNotificationRow.swift */; };
		A3C0D33324431D29005F9B6C /* Moment.swift in Sources */ = {isa = PBXBuildFile; fileRef = A3C0D33224431D29005F9B6C /* Moment.swift */; };
		A3D842072440A5C100ACE501 /* ContactSectionHeader.swift in Sources */ = {isa = PBXBuildFile; fileRef = A3D842062440A5C100ACE501 /* ContactSectionHeader.swift */; };
		A3D842092440C1CA00ACE501 /* ContactActionRow.swift in Sources */ = {isa = PBXBuildFile; fileRef = A3D842082440C1CA00ACE501 /* ContactActionRow.swift */; };
		A3D8420B2440C1EE00ACE501 /* ContactAction.swift in Sources */ = {isa = PBXBuildFile; fileRef = A3D8420A2440C1EE00ACE501 /* ContactAction.swift */; };
		A3F227822441704C00B0B77B /* SearchBar.swift in Sources */ = {isa = PBXBuildFile; fileRef = A3F227812441704C00B0B77B /* SearchBar.swift */; };
		A3F26360243ED2CE00A093D2 /* MomentView.swift in Sources */ = {isa = PBXBuildFile; fileRef = A3F2635F243ED2CE00A093D2 /* MomentView.swift */; };
		A3F26362243EE10F00A093D2 /* SessionContextMenuView.swift in Sources */ = {isa = PBXBuildFile; fileRef = A3F26361243EE10F00A093D2 /* SessionContextMenuView.swift */; };
		A3F26364243EE49A00A093D2 /* SessionContextLine.swift in Sources */ = {isa = PBXBuildFile; fileRef = A3F26363243EE49A00A093D2 /* SessionContextLine.swift */; };
		A3F2636C243F01AE00A093D2 /* TextMessageCell.swift in Sources */ = {isa = PBXBuildFile; fileRef = A3F2636B243F01AE00A093D2 /* TextMessageCell.swift */; };
		A3F2636E243F01BC00A093D2 /* ImageMessageCell.swift in Sources */ = {isa = PBXBuildFile; fileRef = A3F2636D243F01BC00A093D2 /* ImageMessageCell.swift */; };
		A3F26370243F07FF00A093D2 /* SampleData.json in Resources */ = {isa = PBXBuildFile; fileRef = A3F2636F243F07FF00A093D2 /* SampleData.json */; };
		A3F26375243F105100A093D2 /* KingfisherSwiftUI in Frameworks */ = {isa = PBXBuildFile; productRef = A3F26374243F105100A093D2 /* KingfisherSwiftUI */; };
		A3F26376243F105100A093D2 /* KingfisherSwiftUI in Embed Frameworks */ = {isa = PBXBuildFile; productRef = A3F26374243F105100A093D2 /* KingfisherSwiftUI */; settings = {ATTRIBUTES = (CodeSignOnCopy, ); }; };
		A3F26379243F178300A093D2 /* BadgeDot.swift in Sources */ = {isa = PBXBuildFile; fileRef = A3F26378243F178300A093D2 /* BadgeDot.swift */; };
		A3F2637C243F1EFE00A093D2 /* SettingRow.swift in Sources */ = {isa = PBXBuildFile; fileRef = A3F2637B243F1EFE00A093D2 /* SettingRow.swift */; };
		A3F2637E243F22E300A093D2 /* MeCardView.swift in Sources */ = {isa = PBXBuildFile; fileRef = A3F2637D243F22E300A093D2 /* MeCardView.swift */; };
		A3F26381243F276000A093D2 /* SettingsListView.swift in Sources */ = {isa = PBXBuildFile; fileRef = A3F26380243F276000A093D2 /* SettingsListView.swift */; };
		A3F26384243F2D3A00A093D2 /* SettingTextRow.swift in Sources */ = {isa = PBXBuildFile; fileRef = A3F26383243F2D3A00A093D2 /* SettingTextRow.swift */; };
		A3F26387243F2EF100A093D2 /* AboutView.swift in Sources */ = {isa = PBXBuildFile; fileRef = A3F26386243F2EF100A093D2 /* AboutView.swift */; };
/* End PBXBuildFile section */

/* Begin PBXCopyFilesBuildPhase section */
		A3F26377243F105100A093D2 /* Embed Frameworks */ = {
			isa = PBXCopyFilesBuildPhase;
			buildActionMask = 2147483647;
			dstPath = "";
			dstSubfolderSpec = 10;
			files = (
				A3F26376243F105100A093D2 /* KingfisherSwiftUI in Embed Frameworks */,
			);
			name = "Embed Frameworks";
			runOnlyForDeploymentPostprocessing = 0;
		};
/* End PBXCopyFilesBuildPhase section */

/* Begin PBXFileReference section */
		A3634BEC243CA4A600D7954C /* WeChatUI.app */ = {isa = PBXFileReference; explicitFileType = wrapper.application; includeInIndex = 0; path = WeChatUI.app; sourceTree = BUILT_PRODUCTS_DIR; };
		A3634BEF243CA4A600D7954C /* AppDelegate.swift */ = {isa = PBXFileReference; lastKnownFileType = sourcecode.swift; path = AppDelegate.swift; sourceTree = "<group>"; };
		A3634BF1243CA4A600D7954C /* SceneDelegate.swift */ = {isa = PBXFileReference; lastKnownFileType = sourcecode.swift; path = SceneDelegate.swift; sourceTree = "<group>"; };
		A3634BF3243CA4A600D7954C /* ContentView.swift */ = {isa = PBXFileReference; lastKnownFileType = sourcecode.swift; path = ContentView.swift; sourceTree = "<group>"; };
		A3634BF5243CA4AB00D7954C /* Assets.xcassets */ = {isa = PBXFileReference; lastKnownFileType = folder.assetcatalog; path = Assets.xcassets; sourceTree = "<group>"; };
		A3634BF8243CA4AB00D7954C /* Preview Assets.xcassets */ = {isa = PBXFileReference; lastKnownFileType = folder.assetcatalog; path = "Preview Assets.xcassets"; sourceTree = "<group>"; };
		A3634BFB243CA4AB00D7954C /* Base */ = {isa = PBXFileReference; lastKnownFileType = file.storyboard; name = Base; path = Base.lproj/LaunchScreen.storyboard; sourceTree = "<group>"; };
		A3634BFD243CA4AB00D7954C /* Info.plist */ = {isa = PBXFileReference; lastKnownFileType = text.plist.xml; path = Info.plist; sourceTree = "<group>"; };
		A372774F24404741007EC7A6 /* ChatMessageRow.swift */ = {isa = PBXFileReference; lastKnownFileType = sourcecode.swift; path = ChatMessageRow.swift; sourceTree = "<group>"; };
		A3727752244052FC007EC7A6 /* VideoMessageCell.swift */ = {isa = PBXFileReference; lastKnownFileType = sourcecode.swift; path = VideoMessageCell.swift; sourceTree = "<group>"; };
		A372775424405308007EC7A6 /* LocationMessageCell.swift */ = {isa = PBXFileReference; lastKnownFileType = sourcecode.swift; path = LocationMessageCell.swift; sourceTree = "<group>"; };
		A372775624405316007EC7A6 /* VoiceMessageCell.swift */ = {isa = PBXFileReference; lastKnownFileType = sourcecode.swift; path = VoiceMessageCell.swift; sourceTree = "<group>"; };
		A372775924405420007EC7A6 /* ChatInputView.swift */ = {isa = PBXFileReference; lastKnownFileType = sourcecode.swift; path = ChatInputView.swift; sourceTree = "<group>"; };
		A372775B24405BE6007EC7A6 /* Constants.swift */ = {isa = PBXFileReference; lastKnownFileType = sourcecode.swift; path = Constants.swift; sourceTree = "<group>"; };
		A372775D24405DB1007EC7A6 /* EmoticonMessageCell.swift */ = {isa = PBXFileReference; lastKnownFileType = sourcecode.swift; path = EmoticonMessageCell.swift; sourceTree = "<group>"; };
		A372776024406237007EC7A6 /* AvatarView.swift */ = {isa = PBXFileReference; lastKnownFileType = sourcecode.swift; path = AvatarView.swift; sourceTree = "<group>"; };
		A37277622440641A007EC7A6 /* KeyboardObserver.swift */ = {isa = PBXFileReference; lastKnownFileType = sourcecode.swift; path = KeyboardObserver.swift; sourceTree = "<group>"; };
		A3A754F124455F01003716FF /* VisualEffectView.swift */ = {isa = PBXFileReference; lastKnownFileType = sourcecode.swift; path = VisualEffectView.swift; sourceTree = "<group>"; };
		A3A754F4244561B2003716FF /* EdgeInsets+Extensions.swift */ = {isa = PBXFileReference; lastKnownFileType = sourcecode.swift; path = "EdgeInsets+Extensions.swift"; sourceTree = "<group>"; };
		A3A754F624458AD7003716FF /* GeneralView.swift */ = {isa = PBXFileReference; lastKnownFileType = sourcecode.swift; path = GeneralView.swift; sourceTree = "<group>"; };
		A3A8B02824401E3200FE0410 /* RichText.swift */ = {isa = PBXFileReference; lastKnownFileType = sourcecode.swift; path = RichText.swift; sourceTree = "<group>"; };
		A3A8B02A2440378900FE0410 /* RootState.swift */ = {isa = PBXFileReference; lastKnownFileType = sourcecode.swift; path = RootState.swift; sourceTree = "<group>"; };
		A3ADD682243DD10B004B0CB8 /* Session.swift */ = {isa = PBXFileReference; lastKnownFileType = sourcecode.swift; path = Session.swift; sourceTree = "<group>"; };
		A3ADD684243DD18F004B0CB8 /* SessionRow.swift */ = {isa = PBXFileReference; lastKnownFileType = sourcecode.swift; path = SessionRow.swift; sourceTree = "<group>"; };
		A3ADD686243DD2B6004B0CB8 /* SessionListView.swift */ = {isa = PBXFileReference; lastKnownFileType = sourcecode.swift; path = SessionListView.swift; sourceTree = "<group>"; };
		A3ADD68B243DD336004B0CB8 /* Contact.swift */ = {isa = PBXFileReference; lastKnownFileType = sourcecode.swift; path = Contact.swift; sourceTree = "<group>"; };
		A3ADD68D243DD33F004B0CB8 /* ContactRow.swift */ = {isa = PBXFileReference; lastKnownFileType = sourcecode.swift; path = ContactRow.swift; sourceTree = "<group>"; };
		A3ADD68F243DD34E004B0CB8 /* ContactListView.swift */ = {isa = PBXFileReference; lastKnownFileType = sourcecode.swift; path = ContactListView.swift; sourceTree = "<group>"; };
		A3ADD692243DD3BF004B0CB8 /* SampleData.swift */ = {isa = PBXFileReference; lastKnownFileType = sourcecode.swift; path = SampleData.swift; sourceTree = "<group>"; };
		A3ADD694243DD72A004B0CB8 /* Message.swift */ = {isa = PBXFileReference; lastKnownFileType = sourcecode.swift; path = Message.swift; sourceTree = "<group>"; };
		A3ADD697243DD766004B0CB8 /* Discover.swift */ = {isa = PBXFileReference; lastKnownFileType = sourcecode.swift; path = Discover.swift; sourceTree = "<group>"; };
		A3ADD699243DD778004B0CB8 /* DiscoverRow.swift */ = {isa = PBXFileReference; lastKnownFileType = sourcecode.swift; path = DiscoverRow.swift; sourceTree = "<group>"; };
		A3ADD69B243DD781004B0CB8 /* DiscoverListView.swift */ = {isa = PBXFileReference; lastKnownFileType = sourcecode.swift; path = DiscoverListView.swift; sourceTree = "<group>"; };
		A3ADD69F243DDC23004B0CB8 /* WXColor.swift */ = {isa = PBXFileReference; lastKnownFileType = sourcecode.swift; path = WXColor.swift; sourceTree = "<group>"; };
		A3ADD6A2243DDD38004B0CB8 /* MeListView.swift */ = {isa = PBXFileReference; lastKnownFileType = sourcecode.swift; path = MeListView.swift; sourceTree = "<group>"; };
		A3ADD6A5243DE099004B0CB8 /* BadgeView.swift */ = {isa = PBXFileReference; lastKnownFileType = sourcecode.swift; path = BadgeView.swift; sourceTree = "<group>"; };
		A3ADD6A7243DE1C2004B0CB8 /* ChatRoomView.swift */ = {isa = PBXFileReference; lastKnownFileType = sourcecode.swift; path = ChatRoomView.swift; sourceTree = "<group>"; };
		A3ADD6A9243DF9DD004B0CB8 /* SectionSeparator.swift */ = {isa = PBXFileReference; lastKnownFileType = sourcecode.swift; path = SectionSeparator.swift; sourceTree = "<group>"; };
		A3ADD6AB243DFA9E004B0CB8 /* Line.swift */ = {isa = PBXFileReference; lastKnownFileType = sourcecode.swift; path = Line.swift; sourceTree = "<group>"; };
		A3B356A12444407400373657 /* ChatRoomInfoView.swift */ = {isa = PBXFileReference; lastKnownFileType = sourcecode.swift; path = ChatRoomInfoView.swift; sourceTree = "<group>"; };
		A3B356A32444460600373657 /* PageControl.swift */ = {isa = PBXFileReference; lastKnownFileType = sourcecode.swift; path = PageControl.swift; sourceTree = "<group>"; };
		A3B356A52444483D00373657 /* ChatRoomToolBoard.swift */ = {isa = PBXFileReference; lastKnownFileType = sourcecode.swift; path = ChatRoomToolBoard.swift; sourceTree = "<group>"; };
		A3B356A72444484B00373657 /* ChatRoomToolCell.swift */ = {isa = PBXFileReference; lastKnownFileType = sourcecode.swift; path = ChatRoomToolCell.swift; sourceTree = "<group>"; };
		A3B356A9244448C800373657 /* ChatRoomTool.swift */ = {isa = PBXFileReference; lastKnownFileType = sourcecode.swift; path = ChatRoomTool.swift; sourceTree = "<group>"; };
		A3B356AB24444DC500373657 /* PageCollectionView.swift */ = {isa = PBXFileReference; lastKnownFileType = sourcecode.swift; path = PageCollectionView.swift; sourceTree = "<group>"; };
		A3C0D3152441D6D7005F9B6C /* EmoticonBoard.swift */ = {isa = PBXFileReference; lastKnownFileType = sourcecode.swift; path = EmoticonBoard.swift; sourceTree = "<group>"; };
		A3C0D3182441D7BF005F9B6C /* expressions.json */ = {isa = PBXFileReference; lastKnownFileType = text.json; path = expressions.json; sourceTree = "<group>"; };
		A3C0D31A2441D803005F9B6C /* Expression.swift */ = {isa = PBXFileReference; lastKnownFileType = sourcecode.swift; path = Expression.swift; sourceTree = "<group>"; };
		A3C0D31C2441D949005F9B6C /* EmoticonRow.swift */ = {isa = PBXFileReference; lastKnownFileType = sourcecode.swift; path = EmoticonRow.swift; sourceTree = "<group>"; };
		A3C0D31E2441DB38005F9B6C /* EmoticonCell.swift */ = {isa = PBXFileReference; lastKnownFileType = sourcecode.swift; path = EmoticonCell.swift; sourceTree = "<group>"; };
		A3C0D32324431BF2005F9B6C /* MomentRow.swift */ = {isa = PBXFileReference; lastKnownFileType = sourcecode.swift; path = MomentRow.swift; sourceTree = "<group>"; };
		A3C0D32624431C03005F9B6C /* MomentTextCell.swift */ = {isa = PBXFileReference; lastKnownFileType = sourcecode.swift; path = MomentTextCell.swift; sourceTree = "<group>"; };
		A3C0D32824431C0E005F9B6C /* MomentImageCell.swift */ = {isa = PBXFileReference; lastKnownFileType = sourcecode.swift; path = MomentImageCell.swift; sourceTree = "<group>"; };
		A3C0D32A24431C1B005F9B6C /* MomentMultiImageCell.swift */ = {isa = PBXFileReference; lastKnownFileType = sourcecode.swift; path = MomentMultiImageCell.swift; sourceTree = "<group>"; };
		A3C0D32C24431C27005F9B6C /* MomentVideoCell.swift */ = {isa = PBXFileReference; lastKnownFileType = sourcecode.swift; path = MomentVideoCell.swift; sourceTree = "<group>"; };
		A3C0D32E24431CA2005F9B6C /* MomentHeader.swift */ = {isa = PBXFileReference; lastKnownFileType = sourcecode.swift; path = MomentHeader.swift; sourceTree = "<group>"; };
		A3C0D33024431CC0005F9B6C /* MomentNotificationRow.swift */ = {isa = PBXFileReference; lastKnownFileType = sourcecode.swift; path = MomentNotificationRow.swift; sourceTree = "<group>"; };
		A3C0D33224431D29005F9B6C /* Moment.swift */ = {isa = PBXFileReference; lastKnownFileType = sourcecode.swift; path = Moment.swift; sourceTree = "<group>"; };
		A3D842062440A5C100ACE501 /* ContactSectionHeader.swift */ = {isa = PBXFileReference; lastKnownFileType = sourcecode.swift; path = ContactSectionHeader.swift; sourceTree = "<group>"; };
		A3D842082440C1CA00ACE501 /* ContactActionRow.swift */ = {isa = PBXFileReference; lastKnownFileType = sourcecode.swift; path = ContactActionRow.swift; sourceTree = "<group>"; };
		A3D8420A2440C1EE00ACE501 /* ContactAction.swift */ = {isa = PBXFileReference; lastKnownFileType = sourcecode.swift; path = ContactAction.swift; sourceTree = "<group>"; };
		A3F227812441704C00B0B77B /* SearchBar.swift */ = {isa = PBXFileReference; lastKnownFileType = sourcecode.swift; path = SearchBar.swift; sourceTree = "<group>"; };
		A3F2635F243ED2CE00A093D2 /* MomentView.swift */ = {isa = PBXFileReference; lastKnownFileType = sourcecode.swift; path = MomentView.swift; sourceTree = "<group>"; };
		A3F26361243EE10F00A093D2 /* SessionContextMenuView.swift */ = {isa = PBXFileReference; lastKnownFileType = sourcecode.swift; path = SessionContextMenuView.swift; sourceTree = "<group>"; };
		A3F26363243EE49A00A093D2 /* SessionContextLine.swift */ = {isa = PBXFileReference; lastKnownFileType = sourcecode.swift; path = SessionContextLine.swift; sourceTree = "<group>"; };
		A3F2636B243F01AE00A093D2 /* TextMessageCell.swift */ = {isa = PBXFileReference; lastKnownFileType = sourcecode.swift; path = TextMessageCell.swift; sourceTree = "<group>"; };
		A3F2636D243F01BC00A093D2 /* ImageMessageCell.swift */ = {isa = PBXFileReference; lastKnownFileType = sourcecode.swift; path = ImageMessageCell.swift; sourceTree = "<group>"; };
		A3F2636F243F07FF00A093D2 /* SampleData.json */ = {isa = PBXFileReference; lastKnownFileType = text.json; path = SampleData.json; sourceTree = "<group>"; };
		A3F26378243F178300A093D2 /* BadgeDot.swift */ = {isa = PBXFileReference; lastKnownFileType = sourcecode.swift; path = BadgeDot.swift; sourceTree = "<group>"; };
		A3F2637B243F1EFE00A093D2 /* SettingRow.swift */ = {isa = PBXFileReference; lastKnownFileType = sourcecode.swift; path = SettingRow.swift; sourceTree = "<group>"; };
		A3F2637D243F22E300A093D2 /* MeCardView.swift */ = {isa = PBXFileReference; lastKnownFileType = sourcecode.swift; path = MeCardView.swift; sourceTree = "<group>"; };
		A3F26380243F276000A093D2 /* SettingsListView.swift */ = {isa = PBXFileReference; lastKnownFileType = sourcecode.swift; path = SettingsListView.swift; sourceTree = "<group>"; };
		A3F26383243F2D3A00A093D2 /* SettingTextRow.swift */ = {isa = PBXFileReference; lastKnownFileType = sourcecode.swift; path = SettingTextRow.swift; sourceTree = "<group>"; };
		A3F26386243F2EF100A093D2 /* AboutView.swift */ = {isa = PBXFileReference; lastKnownFileType = sourcecode.swift; path = AboutView.swift; sourceTree = "<group>"; };
/* End PBXFileReference section */

/* Begin PBXFrameworksBuildPhase section */
		A3634BE9243CA4A600D7954C /* Frameworks */ = {
			isa = PBXFrameworksBuildPhase;
			buildActionMask = 2147483647;
			files = (
				A3F26375243F105100A093D2 /* KingfisherSwiftUI in Frameworks */,
			);
			runOnlyForDeploymentPostprocessing = 0;
		};
/* End PBXFrameworksBuildPhase section */

/* Begin PBXGroup section */
		A3634BE3243CA4A600D7954C = {
			isa = PBXGroup;
			children = (
				A3634BEE243CA4A600D7954C /* WeChatUI */,
				A3634BED243CA4A600D7954C /* Products */,
			);
			sourceTree = "<group>";
		};
		A3634BED243CA4A600D7954C /* Products */ = {
			isa = PBXGroup;
			children = (
				A3634BEC243CA4A600D7954C /* WeChatUI.app */,
			);
			name = Products;
			sourceTree = "<group>";
		};
		A3634BEE243CA4A600D7954C /* WeChatUI */ = {
			isa = PBXGroup;
			children = (
				A3A754F3244561A4003716FF /* Extensions */,
				A3ADD69E243DDC14004B0CB8 /* Common */,
				A3ADD6A4243DE084004B0CB8 /* Components */,
				A3ADD696243DD75B004B0CB8 /* Discover */,
				A3F2635E243ED2BE00A093D2 /* Moment */,
				A3ADD68A243DD328004B0CB8 /* Contacts */,
				A3ADD689243DD31B004B0CB8 /* ChatRoom */,
				A3ADD688243DD30E004B0CB8 /* Session */,
				A3ADD6A1243DDD2B004B0CB8 /* Me */,
				A3F2637F243F275000A093D2 /* Settings */,
				A3634BF7243CA4AB00D7954C /* Preview Content */,
				A3F2637A243F1CC000A093D2 /* SampleData */,
				A3C0D3172441D7AE005F9B6C /* Resources */,
				A3ADD691243DD35C004B0CB8 /* Supporting Files */,
				A3634BEF243CA4A600D7954C /* AppDelegate.swift */,
				A3634BF1243CA4A600D7954C /* SceneDelegate.swift */,
				A3634BF3243CA4A600D7954C /* ContentView.swift */,
				A3A8B02A2440378900FE0410 /* RootState.swift */,
			);
			path = WeChatUI;
			sourceTree = "<group>";
		};
		A3634BF7243CA4AB00D7954C /* Preview Content */ = {
			isa = PBXGroup;
			children = (
				A3634BF8243CA4AB00D7954C /* Preview Assets.xcassets */,
			);
			path = "Preview Content";
			sourceTree = "<group>";
		};
		A3727751244052E4007EC7A6 /* Cells */ = {
			isa = PBXGroup;
			children = (
				A3F2636B243F01AE00A093D2 /* TextMessageCell.swift */,
				A3F2636D243F01BC00A093D2 /* ImageMessageCell.swift */,
				A3727752244052FC007EC7A6 /* VideoMessageCell.swift */,
				A372775424405308007EC7A6 /* LocationMessageCell.swift */,
				A372775624405316007EC7A6 /* VoiceMessageCell.swift */,
				A372775D24405DB1007EC7A6 /* EmoticonMessageCell.swift */,
			);
			path = Cells;
			sourceTree = "<group>";
		};
		A37277582440540E007EC7A6 /* InputView */ = {
			isa = PBXGroup;
			children = (
				A372775924405420007EC7A6 /* ChatInputView.swift */,
			);
			path = InputView;
			sourceTree = "<group>";
		};
		A372775F244061E2007EC7A6 /* Views */ = {
			isa = PBXGroup;
			children = (
				A3C0D3152441D6D7005F9B6C /* EmoticonBoard.swift */,
				A3C0D31C2441D949005F9B6C /* EmoticonRow.swift */,
				A3C0D31E2441DB38005F9B6C /* EmoticonCell.swift */,
				A3B356A52444483D00373657 /* ChatRoomToolBoard.swift */,
				A3B356A72444484B00373657 /* ChatRoomToolCell.swift */,
			);
			path = Views;
			sourceTree = "<group>";
		};
		A3A754F3244561A4003716FF /* Extensions */ = {
			isa = PBXGroup;
			children = (
				A3A754F4244561B2003716FF /* EdgeInsets+Extensions.swift */,
			);
			path = Extensions;
			sourceTree = "<group>";
		};
		A3ADD688243DD30E004B0CB8 /* Session */ = {
			isa = PBXGroup;
			children = (
				A3ADD682243DD10B004B0CB8 /* Session.swift */,
				A3ADD684243DD18F004B0CB8 /* SessionRow.swift */,
				A3ADD686243DD2B6004B0CB8 /* SessionListView.swift */,
				A3F26361243EE10F00A093D2 /* SessionContextMenuView.swift */,
				A3F26363243EE49A00A093D2 /* SessionContextLine.swift */,
			);
			path = Session;
			sourceTree = "<group>";
		};
		A3ADD689243DD31B004B0CB8 /* ChatRoom */ = {
			isa = PBXGroup;
			children = (
				A3B356A02444406000373657 /* ChatRoomInfo */,
				A372775F244061E2007EC7A6 /* Views */,
				A37277582440540E007EC7A6 /* InputView */,
				A3727751244052E4007EC7A6 /* Cells */,
				A3ADD694243DD72A004B0CB8 /* Message.swift */,
				A3ADD6A7243DE1C2004B0CB8 /* ChatRoomView.swift */,
				A372774F24404741007EC7A6 /* ChatMessageRow.swift */,
				A37277622440641A007EC7A6 /* KeyboardObserver.swift */,
				A3B356A9244448C800373657 /* ChatRoomTool.swift */,
			);
			path = ChatRoom;
			sourceTree = "<group>";
		};
		A3ADD68A243DD328004B0CB8 /* Contacts */ = {
			isa = PBXGroup;
			children = (
				A3ADD68B243DD336004B0CB8 /* Contact.swift */,
				A3ADD68D243DD33F004B0CB8 /* ContactRow.swift */,
				A3ADD68F243DD34E004B0CB8 /* ContactListView.swift */,
				A3D842062440A5C100ACE501 /* ContactSectionHeader.swift */,
				A3D842082440C1CA00ACE501 /* ContactActionRow.swift */,
				A3D8420A2440C1EE00ACE501 /* ContactAction.swift */,
			);
			path = Contacts;
			sourceTree = "<group>";
		};
		A3ADD691243DD35C004B0CB8 /* Supporting Files */ = {
			isa = PBXGroup;
			children = (
				A3634BF5243CA4AB00D7954C /* Assets.xcassets */,
				A3634BFA243CA4AB00D7954C /* LaunchScreen.storyboard */,
				A3634BFD243CA4AB00D7954C /* Info.plist */,
			);
			path = "Supporting Files";
			sourceTree = "<group>";
		};
		A3ADD696243DD75B004B0CB8 /* Discover */ = {
			isa = PBXGroup;
			children = (
				A3ADD697243DD766004B0CB8 /* Discover.swift */,
				A3ADD699243DD778004B0CB8 /* DiscoverRow.swift */,
				A3ADD69B243DD781004B0CB8 /* DiscoverListView.swift */,
			);
			path = Discover;
			sourceTree = "<group>";
		};
		A3ADD69E243DDC14004B0CB8 /* Common */ = {
			isa = PBXGroup;
			children = (
				A3ADD69F243DDC23004B0CB8 /* WXColor.swift */,
				A372775B24405BE6007EC7A6 /* Constants.swift */,
			);
			path = Common;
			sourceTree = "<group>";
		};
		A3ADD6A1243DDD2B004B0CB8 /* Me */ = {
			isa = PBXGroup;
			children = (
				A3ADD6A2243DDD38004B0CB8 /* MeListView.swift */,
				A3F2637B243F1EFE00A093D2 /* SettingRow.swift */,
				A3F2637D243F22E300A093D2 /* MeCardView.swift */,
			);
			path = Me;
			sourceTree = "<group>";
		};
		A3ADD6A4243DE084004B0CB8 /* Components */ = {
			isa = PBXGroup;
			children = (
				A3ADD6A5243DE099004B0CB8 /* BadgeView.swift */,
				A3F26378243F178300A093D2 /* BadgeDot.swift */,
				A3ADD6A9243DF9DD004B0CB8 /* SectionSeparator.swift */,
				A3ADD6AB243DFA9E004B0CB8 /* Line.swift */,
				A3A8B02824401E3200FE0410 /* RichText.swift */,
				A372776024406237007EC7A6 /* AvatarView.swift */,
				A3F227812441704C00B0B77B /* SearchBar.swift */,
				A3B356A32444460600373657 /* PageControl.swift */,
				A3B356AB24444DC500373657 /* PageCollectionView.swift */,
				A3A754F124455F01003716FF /* VisualEffectView.swift */,
			);
			path = Components;
			sourceTree = "<group>";
		};
		A3B356A02444406000373657 /* ChatRoomInfo */ = {
			isa = PBXGroup;
			children = (
				A3B356A12444407400373657 /* ChatRoomInfoView.swift */,
			);
			path = ChatRoomInfo;
			sourceTree = "<group>";
		};
		A3C0D3172441D7AE005F9B6C /* Resources */ = {
			isa = PBXGroup;
			children = (
				A3C0D3182441D7BF005F9B6C /* expressions.json */,
				A3C0D31A2441D803005F9B6C /* Expression.swift */,
			);
			path = Resources;
			sourceTree = "<group>";
		};
		A3C0D32524431BF7005F9B6C /* Cells */ = {
			isa = PBXGroup;
			children = (
				A3C0D32624431C03005F9B6C /* MomentTextCell.swift */,
				A3C0D32824431C0E005F9B6C /* MomentImageCell.swift */,
				A3C0D32A24431C1B005F9B6C /* MomentMultiImageCell.swift */,
				A3C0D32C24431C27005F9B6C /* MomentVideoCell.swift */,
			);
			path = Cells;
			sourceTree = "<group>";
		};
		A3F2635E243ED2BE00A093D2 /* Moment */ = {
			isa = PBXGroup;
			children = (
				A3C0D32524431BF7005F9B6C /* Cells */,
				A3F2635F243ED2CE00A093D2 /* MomentView.swift */,
				A3C0D32324431BF2005F9B6C /* MomentRow.swift */,
				A3C0D32E24431CA2005F9B6C /* MomentHeader.swift */,
				A3C0D33024431CC0005F9B6C /* MomentNotificationRow.swift */,
				A3C0D33224431D29005F9B6C /* Moment.swift */,
			);
			path = Moment;
			sourceTree = "<group>";
		};
		A3F2637A243F1CC000A093D2 /* SampleData */ = {
			isa = PBXGroup;
			children = (
				A3F2636F243F07FF00A093D2 /* SampleData.json */,
				A3ADD692243DD3BF004B0CB8 /* SampleData.swift */,
			);
			path = SampleData;
			sourceTree = "<group>";
		};
		A3F2637F243F275000A093D2 /* Settings */ = {
			isa = PBXGroup;
			children = (
				A3F26385243F2EE700A093D2 /* About */,
				A3F26382243F2D1200A093D2 /* General */,
				A3F26380243F276000A093D2 /* SettingsListView.swift */,
				A3F26383243F2D3A00A093D2 /* SettingTextRow.swift */,
			);
			path = Settings;
			sourceTree = "<group>";
		};
		A3F26382243F2D1200A093D2 /* General */ = {
			isa = PBXGroup;
			children = (
				A3A754F624458AD7003716FF /* GeneralView.swift */,
			);
			path = General;
			sourceTree = "<group>";
		};
		A3F26385243F2EE700A093D2 /* About */ = {
			isa = PBXGroup;
			children = (
				A3F26386243F2EF100A093D2 /* AboutView.swift */,
			);
			path = About;
			sourceTree = "<group>";
		};
/* End PBXGroup section */

/* Begin PBXNativeTarget section */
		A3634BEB243CA4A600D7954C /* WeChatUI */ = {
			isa = PBXNativeTarget;
			buildConfigurationList = A3634C00243CA4AB00D7954C /* Build configuration list for PBXNativeTarget "WeChatUI" */;
			buildPhases = (
				A3634BE8243CA4A600D7954C /* Sources */,
				A3634BE9243CA4A600D7954C /* Frameworks */,
				A3634BEA243CA4A600D7954C /* Resources */,
				A3F26377243F105100A093D2 /* Embed Frameworks */,
			);
			buildRules = (
			);
			dependencies = (
			);
			name = WeChatUI;
			packageProductDependencies = (
				A3F26374243F105100A093D2 /* KingfisherSwiftUI */,
			);
			productName = WeChatUI;
			productReference = A3634BEC243CA4A600D7954C /* WeChatUI.app */;
			productType = "com.apple.product-type.application";
		};
/* End PBXNativeTarget section */

/* Begin PBXProject section */
		A3634BE4243CA4A600D7954C /* Project object */ = {
			isa = PBXProject;
			attributes = {
				LastSwiftUpdateCheck = 1140;
				LastUpgradeCheck = 1140;
				ORGANIZATIONNAME = alexiscn;
				TargetAttributes = {
					A3634BEB243CA4A600D7954C = {
						CreatedOnToolsVersion = 11.4;
					};
				};
			};
			buildConfigurationList = A3634BE7243CA4A600D7954C /* Build configuration list for PBXProject "WeChatUI" */;
			compatibilityVersion = "Xcode 9.3";
			developmentRegion = en;
			hasScannedForEncodings = 0;
			knownRegions = (
				en,
				Base,
			);
			mainGroup = A3634BE3243CA4A600D7954C;
			packageReferences = (
				A3F26373243F105100A093D2 /* XCRemoteSwiftPackageReference "Kingfisher" */,
			);
			productRefGroup = A3634BED243CA4A600D7954C /* Products */;
			projectDirPath = "";
			projectRoot = "";
			targets = (
				A3634BEB243CA4A600D7954C /* WeChatUI */,
			);
		};
/* End PBXProject section */

/* Begin PBXResourcesBuildPhase section */
		A3634BEA243CA4A600D7954C /* Resources */ = {
			isa = PBXResourcesBuildPhase;
			buildActionMask = 2147483647;
			files = (
				A3C0D3192441D7BF005F9B6C /* expressions.json in Resources */,
				A3634BFC243CA4AB00D7954C /* LaunchScreen.storyboard in Resources */,
				A3634BF9243CA4AB00D7954C /* Preview Assets.xcassets in Resources */,
				A3634BF6243CA4AB00D7954C /* Assets.xcassets in Resources */,
				A3F26370243F07FF00A093D2 /* SampleData.json in Resources */,
			);
			runOnlyForDeploymentPostprocessing = 0;
		};
/* End PBXResourcesBuildPhase section */

/* Begin PBXSourcesBuildPhase section */
		A3634BE8243CA4A600D7954C /* Sources */ = {
			isa = PBXSourcesBuildPhase;
			buildActionMask = 2147483647;
			files = (
				A3ADD6AA243DF9DD004B0CB8 /* SectionSeparator.swift in Sources */,
				A3F26387243F2EF100A093D2 /* AboutView.swift in Sources */,
				A3ADD690243DD34E004B0CB8 /* ContactListView.swift in Sources */,
				A3ADD6A6243DE099004B0CB8 /* BadgeView.swift in Sources */,
				A3C0D32724431C03005F9B6C /* MomentTextCell.swift in Sources */,
				A3ADD683243DD10B004B0CB8 /* Session.swift in Sources */,
				A372775724405316007EC7A6 /* VoiceMessageCell.swift in Sources */,
				A3F26360243ED2CE00A093D2 /* MomentView.swift in Sources */,
				A3ADD687243DD2B6004B0CB8 /* SessionListView.swift in Sources */,
				A3C0D3162441D6D7005F9B6C /* EmoticonBoard.swift in Sources */,
				A3ADD693243DD3BF004B0CB8 /* SampleData.swift in Sources */,
				A3ADD6A3243DDD38004B0CB8 /* MeListView.swift in Sources */,
				A3C0D31B2441D803005F9B6C /* Expression.swift in Sources */,
				A3F2637C243F1EFE00A093D2 /* SettingRow.swift in Sources */,
				A3D842092440C1CA00ACE501 /* ContactActionRow.swift in Sources */,
				A3727753244052FC007EC7A6 /* VideoMessageCell.swift in Sources */,
				A372776124406237007EC7A6 /* AvatarView.swift in Sources */,
				A3ADD685243DD18F004B0CB8 /* SessionRow.swift in Sources */,
				A3ADD69A243DD778004B0CB8 /* DiscoverRow.swift in Sources */,
				A3ADD6AC243DFA9E004B0CB8 /* Line.swift in Sources */,
				A3A754F724458AD7003716FF /* GeneralView.swift in Sources */,
				A37277632440641A007EC7A6 /* KeyboardObserver.swift in Sources */,
				A3C0D32D24431C27005F9B6C /* MomentVideoCell.swift in Sources */,
				A372775524405308007EC7A6 /* LocationMessageCell.swift in Sources */,
				A3B356AC24444DC500373657 /* PageCollectionView.swift in Sources */,
				A3634BF0243CA4A600D7954C /* AppDelegate.swift in Sources */,
				A3D8420B2440C1EE00ACE501 /* ContactAction.swift in Sources */,
				A372775A24405420007EC7A6 /* ChatInputView.swift in Sources */,
				A372775024404741007EC7A6 /* ChatMessageRow.swift in Sources */,
				A3F26362243EE10F00A093D2 /* SessionContextMenuView.swift in Sources */,
				A372775C24405BE6007EC7A6 /* Constants.swift in Sources */,
				A3ADD69C243DD781004B0CB8 /* DiscoverListView.swift in Sources */,
				A3C0D32F24431CA2005F9B6C /* MomentHeader.swift in Sources */,
				A3A8B02B2440378900FE0410 /* RootState.swift in Sources */,
				A3B356A62444483D00373657 /* ChatRoomToolBoard.swift in Sources */,
				A3C0D31D2441D949005F9B6C /* EmoticonRow.swift in Sources */,
				A3ADD6A0243DDC23004B0CB8 /* WXColor.swift in Sources */,
				A3ADD6A8243DE1C2004B0CB8 /* ChatRoomView.swift in Sources */,
				A3ADD695243DD72A004B0CB8 /* Message.swift in Sources */,
				A3B356AA244448C800373657 /* ChatRoomTool.swift in Sources */,
				A3F2636E243F01BC00A093D2 /* ImageMessageCell.swift in Sources */,
				A3C0D32924431C0E005F9B6C /* MomentImageCell.swift in Sources */,
				A3A8B02924401E3200FE0410 /* RichText.swift in Sources */,
				A3A754F5244561B2003716FF /* EdgeInsets+Extensions.swift in Sources */,
				A3634BF2243CA4A600D7954C /* SceneDelegate.swift in Sources */,
				A3D842072440A5C100ACE501 /* ContactSectionHeader.swift in Sources */,
				A3C0D31F2441DB38005F9B6C /* EmoticonCell.swift in Sources */,
				A3F26381243F276000A093D2 /* SettingsListView.swift in Sources */,
				A3B356A22444407400373657 /* ChatRoomInfoView.swift in Sources */,
				A3F26379243F178300A093D2 /* BadgeDot.swift in Sources */,
				A3F2636C243F01AE00A093D2 /* TextMessageCell.swift in Sources */,
				A3ADD698243DD766004B0CB8 /* Discover.swift in Sources */,
				A3A754F224455F01003716FF /* VisualEffectView.swift in Sources */,
				A3C0D32424431BF2005F9B6C /* MomentRow.swift in Sources */,
				A3C0D33124431CC0005F9B6C /* MomentNotificationRow.swift in Sources */,
				A3634BF4243CA4A600D7954C /* ContentView.swift in Sources */,
				A3B356A42444460600373657 /* PageControl.swift in Sources */,
				A3F227822441704C00B0B77B /* SearchBar.swift in Sources */,
				A3ADD68C243DD336004B0CB8 /* Contact.swift in Sources */,
				A3C0D33324431D29005F9B6C /* Moment.swift in Sources */,
				A3F26384243F2D3A00A093D2 /* SettingTextRow.swift in Sources */,
				A3B356A82444484B00373657 /* ChatRoomToolCell.swift in Sources */,
				A3F26364243EE49A00A093D2 /* SessionContextLine.swift in Sources */,
				A3F2637E243F22E300A093D2 /* MeCardView.swift in Sources */,
				A3ADD68E243DD33F004B0CB8 /* ContactRow.swift in Sources */,
				A372775E24405DB1007EC7A6 /* EmoticonMessageCell.swift in Sources */,
				A3C0D32B24431C1B005F9B6C /* MomentMultiImageCell.swift in Sources */,
			);
			runOnlyForDeploymentPostprocessing = 0;
		};
/* End PBXSourcesBuildPhase section */

/* Begin PBXVariantGroup section */
		A3634BFA243CA4AB00D7954C /* LaunchScreen.storyboard */ = {
			isa = PBXVariantGroup;
			children = (
				A3634BFB243CA4AB00D7954C /* Base */,
			);
			name = LaunchScreen.storyboard;
			sourceTree = "<group>";
		};
/* End PBXVariantGroup section */

/* Begin XCBuildConfiguration section */
		A3634BFE243CA4AB00D7954C /* Debug */ = {
			isa = XCBuildConfiguration;
			buildSettings = {
				ALWAYS_SEARCH_USER_PATHS = NO;
				CLANG_ANALYZER_NONNULL = YES;
				CLANG_ANALYZER_NUMBER_OBJECT_CONVERSION = YES_AGGRESSIVE;
				CLANG_CXX_LANGUAGE_STANDARD = "gnu++14";
				CLANG_CXX_LIBRARY = "libc++";
				CLANG_ENABLE_MODULES = YES;
				CLANG_ENABLE_OBJC_ARC = YES;
				CLANG_ENABLE_OBJC_WEAK = YES;
				CLANG_WARN_BLOCK_CAPTURE_AUTORELEASING = YES;
				CLANG_WARN_BOOL_CONVERSION = YES;
				CLANG_WARN_COMMA = YES;
				CLANG_WARN_CONSTANT_CONVERSION = YES;
				CLANG_WARN_DEPRECATED_OBJC_IMPLEMENTATIONS = YES;
				CLANG_WARN_DIRECT_OBJC_ISA_USAGE = YES_ERROR;
				CLANG_WARN_DOCUMENTATION_COMMENTS = YES;
				CLANG_WARN_EMPTY_BODY = YES;
				CLANG_WARN_ENUM_CONVERSION = YES;
				CLANG_WARN_INFINITE_RECURSION = YES;
				CLANG_WARN_INT_CONVERSION = YES;
				CLANG_WARN_NON_LITERAL_NULL_CONVERSION = YES;
				CLANG_WARN_OBJC_IMPLICIT_RETAIN_SELF = YES;
				CLANG_WARN_OBJC_LITERAL_CONVERSION = YES;
				CLANG_WARN_OBJC_ROOT_CLASS = YES_ERROR;
				CLANG_WARN_RANGE_LOOP_ANALYSIS = YES;
				CLANG_WARN_STRICT_PROTOTYPES = YES;
				CLANG_WARN_SUSPICIOUS_MOVE = YES;
				CLANG_WARN_UNGUARDED_AVAILABILITY = YES_AGGRESSIVE;
				CLANG_WARN_UNREACHABLE_CODE = YES;
				CLANG_WARN__DUPLICATE_METHOD_MATCH = YES;
				COPY_PHASE_STRIP = NO;
				DEBUG_INFORMATION_FORMAT = dwarf;
				ENABLE_STRICT_OBJC_MSGSEND = YES;
				ENABLE_TESTABILITY = YES;
				GCC_C_LANGUAGE_STANDARD = gnu11;
				GCC_DYNAMIC_NO_PIC = NO;
				GCC_NO_COMMON_BLOCKS = YES;
				GCC_OPTIMIZATION_LEVEL = 0;
				GCC_PREPROCESSOR_DEFINITIONS = (
					"DEBUG=1",
					"$(inherited)",
				);
				GCC_WARN_64_TO_32_BIT_CONVERSION = YES;
				GCC_WARN_ABOUT_RETURN_TYPE = YES_ERROR;
				GCC_WARN_UNDECLARED_SELECTOR = YES;
				GCC_WARN_UNINITIALIZED_AUTOS = YES_AGGRESSIVE;
				GCC_WARN_UNUSED_FUNCTION = YES;
				GCC_WARN_UNUSED_VARIABLE = YES;
				IPHONEOS_DEPLOYMENT_TARGET = 13.4;
				MTL_ENABLE_DEBUG_INFO = INCLUDE_SOURCE;
				MTL_FAST_MATH = YES;
				ONLY_ACTIVE_ARCH = YES;
				SDKROOT = iphoneos;
				SWIFT_ACTIVE_COMPILATION_CONDITIONS = DEBUG;
				SWIFT_OPTIMIZATION_LEVEL = "-Onone";
			};
			name = Debug;
		};
		A3634BFF243CA4AB00D7954C /* Release */ = {
			isa = XCBuildConfiguration;
			buildSettings = {
				ALWAYS_SEARCH_USER_PATHS = NO;
				CLANG_ANALYZER_NONNULL = YES;
				CLANG_ANALYZER_NUMBER_OBJECT_CONVERSION = YES_AGGRESSIVE;
				CLANG_CXX_LANGUAGE_STANDARD = "gnu++14";
				CLANG_CXX_LIBRARY = "libc++";
				CLANG_ENABLE_MODULES = YES;
				CLANG_ENABLE_OBJC_ARC = YES;
				CLANG_ENABLE_OBJC_WEAK = YES;
				CLANG_WARN_BLOCK_CAPTURE_AUTORELEASING = YES;
				CLANG_WARN_BOOL_CONVERSION = YES;
				CLANG_WARN_COMMA = YES;
				CLANG_WARN_CONSTANT_CONVERSION = YES;
				CLANG_WARN_DEPRECATED_OBJC_IMPLEMENTATIONS = YES;
				CLANG_WARN_DIRECT_OBJC_ISA_USAGE = YES_ERROR;
				CLANG_WARN_DOCUMENTATION_COMMENTS = YES;
				CLANG_WARN_EMPTY_BODY = YES;
				CLANG_WARN_ENUM_CONVERSION = YES;
				CLANG_WARN_INFINITE_RECURSION = YES;
				CLANG_WARN_INT_CONVERSION = YES;
				CLANG_WARN_NON_LITERAL_NULL_CONVERSION = YES;
				CLANG_WARN_OBJC_IMPLICIT_RETAIN_SELF = YES;
				CLANG_WARN_OBJC_LITERAL_CONVERSION = YES;
				CLANG_WARN_OBJC_ROOT_CLASS = YES_ERROR;
				CLANG_WARN_RANGE_LOOP_ANALYSIS = YES;
				CLANG_WARN_STRICT_PROTOTYPES = YES;
				CLANG_WARN_SUSPICIOUS_MOVE = YES;
				CLANG_WARN_UNGUARDED_AVAILABILITY = YES_AGGRESSIVE;
				CLANG_WARN_UNREACHABLE_CODE = YES;
				CLANG_WARN__DUPLICATE_METHOD_MATCH = YES;
				COPY_PHASE_STRIP = NO;
				DEBUG_INFORMATION_FORMAT = "dwarf-with-dsym";
				ENABLE_NS_ASSERTIONS = NO;
				ENABLE_STRICT_OBJC_MSGSEND = YES;
				GCC_C_LANGUAGE_STANDARD = gnu11;
				GCC_NO_COMMON_BLOCKS = YES;
				GCC_WARN_64_TO_32_BIT_CONVERSION = YES;
				GCC_WARN_ABOUT_RETURN_TYPE = YES_ERROR;
				GCC_WARN_UNDECLARED_SELECTOR = YES;
				GCC_WARN_UNINITIALIZED_AUTOS = YES_AGGRESSIVE;
				GCC_WARN_UNUSED_FUNCTION = YES;
				GCC_WARN_UNUSED_VARIABLE = YES;
				IPHONEOS_DEPLOYMENT_TARGET = 13.4;
				MTL_ENABLE_DEBUG_INFO = NO;
				MTL_FAST_MATH = YES;
				SDKROOT = iphoneos;
				SWIFT_COMPILATION_MODE = wholemodule;
				SWIFT_OPTIMIZATION_LEVEL = "-O";
				VALIDATE_PRODUCT = YES;
			};
			name = Release;
		};
		A3634C01243CA4AB00D7954C /* Debug */ = {
			isa = XCBuildConfiguration;
			buildSettings = {
				ASSETCATALOG_COMPILER_APPICON_NAME = AppIcon;
				CODE_SIGN_STYLE = Automatic;
				DEVELOPMENT_ASSET_PATHS = "\"WeChatUI/Preview Content\"";
				DEVELOPMENT_TEAM = LX863G777H;
				ENABLE_PREVIEWS = YES;
				INFOPLIST_FILE = "WeChatUI/Supporting Files/Info.plist";
				LD_RUNPATH_SEARCH_PATHS = (
					"$(inherited)",
					"@executable_path/Frameworks",
				);
				PRODUCT_BUNDLE_IDENTIFIER = me.shuifeng.WeChatUI;
				PRODUCT_NAME = "$(TARGET_NAME)";
				SWIFT_VERSION = 5.0;
				TARGETED_DEVICE_FAMILY = "1,2";
			};
			name = Debug;
		};
		A3634C02243CA4AB00D7954C /* Release */ = {
			isa = XCBuildConfiguration;
			buildSettings = {
				ASSETCATALOG_COMPILER_APPICON_NAME = AppIcon;
				CODE_SIGN_STYLE = Automatic;
				DEVELOPMENT_ASSET_PATHS = "\"WeChatUI/Preview Content\"";
				DEVELOPMENT_TEAM = LX863G777H;
				ENABLE_PREVIEWS = YES;
				INFOPLIST_FILE = "WeChatUI/Supporting Files/Info.plist";
				LD_RUNPATH_SEARCH_PATHS = (
					"$(inherited)",
					"@executable_path/Frameworks",
				);
				PRODUCT_BUNDLE_IDENTIFIER = me.shuifeng.WeChatUI;
				PRODUCT_NAME = "$(TARGET_NAME)";
				SWIFT_VERSION = 5.0;
				TARGETED_DEVICE_FAMILY = "1,2";
			};
			name = Release;
		};
/* End XCBuildConfiguration section */

/* Begin XCConfigurationList section */
		A3634BE7243CA4A600D7954C /* Build configuration list for PBXProject "WeChatUI" */ = {
			isa = XCConfigurationList;
			buildConfigurations = (
				A3634BFE243CA4AB00D7954C /* Debug */,
				A3634BFF243CA4AB00D7954C /* Release */,
			);
			defaultConfigurationIsVisible = 0;
			defaultConfigurationName = Release;
		};
		A3634C00243CA4AB00D7954C /* Build configuration list for PBXNativeTarget "WeChatUI" */ = {
			isa = XCConfigurationList;
			buildConfigurations = (
				A3634C01243CA4AB00D7954C /* Debug */,
				A3634C02243CA4AB00D7954C /* Release */,
			);
			defaultConfigurationIsVisible = 0;
			defaultConfigurationName = Release;
		};
/* End XCConfigurationList section */

/* Begin XCRemoteSwiftPackageReference section */
		A3F26373243F105100A093D2 /* XCRemoteSwiftPackageReference "Kingfisher" */ = {
			isa = XCRemoteSwiftPackageReference;
			repositoryURL = "https://github.com/onevcat/Kingfisher.git";
			requirement = {
				kind = upToNextMajorVersion;
				minimumVersion = 5.13.3;
			};
		};
/* End XCRemoteSwiftPackageReference section */

/* Begin XCSwiftPackageProductDependency section */
		A3F26374243F105100A093D2 /* KingfisherSwiftUI */ = {
			isa = XCSwiftPackageProductDependency;
			package = A3F26373243F105100A093D2 /* XCRemoteSwiftPackageReference "Kingfisher" */;
			productName = KingfisherSwiftUI;
		};
/* End XCSwiftPackageProductDependency section */
	};
	rootObject = A3634BE4243CA4A600D7954C /* Project object */;
}
